PODS:
  - HappyDNS (0.3.17)
  - JTSDK_PLShortVideo (0.0.1):
    - Qiniu (= 7.2.5)
  - Qiniu (7.2.5):
    - HappyDNS (~> 0.3)

DEPENDENCIES:
  - JTSDK_PLShortVideo (from `../`)

SPEC REPOS:
  trunk:
    - HappyDNS
    - Qiniu

EXTERNAL SOURCES:
  JTSDK_PLShortVideo:
    :path: "../"

SPEC CHECKSUMS:
  HappyDNS: 848ef73e24f2b0e2752064223ce2dc0dd88900ea
  JTSDK_PLShortVideo: 04d90374d9e5e4dbd9e97919eadcc7e67c4d8298
  Qiniu: 909b408ee489ea54827e9717be90b94bc9dfbc48

PODFILE CHECKSUM: 9e33f9f8deb3ee997990741b0843131bdbd25cca

COCOAPODS: 1.9.1
